// !$*UTF8*$!
{
	archiveVersion = 1;
	classes = {
	};
	objectVersion = 51;
	objects = {

/* Begin PBXBuildFile section */
		9C611479243EC79700E28F22 /* Launch Screen.storyboard in Resources */ = {isa = PBXBuildFile; fileRef = 9C611478243EC79700E28F22 /* Launch Screen.storyboard */; };
		9C61147D243ECA8400E28F22 /* DHTabBarViewContViewController.m in Sources */ = {isa = PBXBuildFile; fileRef = 9C61147C243ECA8400E28F22 /* DHTabBarViewContViewController.m */; };
		9C611480243ECABD00E28F22 /* DHNavigationController.m in Sources */ = {isa = PBXBuildFile; fileRef = 9C61147F243ECABD00E28F22 /* DHNavigationController.m */; };
		9C611483243ECADF00E28F22 /* DHCommonViewController.m in Sources */ = {isa = PBXBuildFile; fileRef = 9C611482243ECADF00E28F22 /* DHCommonViewController.m */; };
		9C611486243ECB1800E28F22 /* DHCommonTableViewController.m in Sources */ = {isa = PBXBuildFile; fileRef = 9C611485243ECB1800E28F22 /* DHCommonTableViewController.m */; };
		9C611489243ECB9300E28F22 /* DHCommonListViewController.m in Sources */ = {isa = PBXBuildFile; fileRef = 9C611488243ECB9300E28F22 /* DHCommonListViewController.m */; };
		9C61148C243ECBB300E28F22 /* DHCommonGroupListViewController.m in Sources */ = {isa = PBXBuildFile; fileRef = 9C61148B243ECBB300E28F22 /* DHCommonGroupListViewController.m */; };
		9C61148F243ECBFB00E28F22 /* DHThemeManager.m in Sources */ = {isa = PBXBuildFile; fileRef = 9C61148E243ECBFB00E28F22 /* DHThemeManager.m */; };
		9C611493243ECC4C00E28F22 /* DHCommonUI.m in Sources */ = {isa = PBXBuildFile; fileRef = 9C611492243ECC4C00E28F22 /* DHCommonUI.m */; };
		9C611496243ECC5E00E28F22 /* DHUIHelper.m in Sources */ = {isa = PBXBuildFile; fileRef = 9C611495243ECC5E00E28F22 /* DHUIHelper.m */; };
		9C611499243ECC8500E28F22 /* UIImageEffects.m in Sources */ = {isa = PBXBuildFile; fileRef = 9C611498243ECC8500E28F22 /* UIImageEffects.m */; };
		9C61149D243ECE2900E28F22 /* DHHomeViewController.m in Sources */ = {isa = PBXBuildFile; fileRef = 9C61149C243ECE2900E28F22 /* DHHomeViewController.m */; };
		9C6114AD243F08ED00E28F22 /* QMUIConfigurationTemplateGrapefruit.m in Sources */ = {isa = PBXBuildFile; fileRef = 9C6114A7243F08EC00E28F22 /* QMUIConfigurationTemplateGrapefruit.m */; };
		9C6114AE243F08ED00E28F22 /* QMUIConfigurationTemplatePinkRose.m in Sources */ = {isa = PBXBuildFile; fileRef = 9C6114A9243F08EC00E28F22 /* QMUIConfigurationTemplatePinkRose.m */; };
		9C6114AF243F08ED00E28F22 /* QMUIConfigurationTemplateDark.m in Sources */ = {isa = PBXBuildFile; fileRef = 9C6114AA243F08ED00E28F22 /* QMUIConfigurationTemplateDark.m */; };
		9C6114B0243F08ED00E28F22 /* QMUIConfigurationTemplateGrass.m in Sources */ = {isa = PBXBuildFile; fileRef = 9C6114AC243F08ED00E28F22 /* QMUIConfigurationTemplateGrass.m */; };
		9C8F35CC243DB88500F44DDD /* AppDelegate.m in Sources */ = {isa = PBXBuildFile; fileRef = 9C8F35CB243DB88500F44DDD /* AppDelegate.m */; };
		9C8F35D7243DB88700F44DDD /* Assets.xcassets in Resources */ = {isa = PBXBuildFile; fileRef = 9C8F35D6243DB88700F44DDD /* Assets.xcassets */; };
		9C8F35DD243DB88700F44DDD /* main.m in Sources */ = {isa = PBXBuildFile; fileRef = 9C8F35DC243DB88700F44DDD /* main.m */; };
		9C8F35E6243DBCA500F44DDD /* QMUIConfigurationTemplate.m in Sources */ = {isa = PBXBuildFile; fileRef = 9C8F35E5243DBCA500F44DDD /* QMUIConfigurationTemplate.m */; };
		C511D9CE0114300085F8C351 /* Pods_DeepHeart.framework in Frameworks */ = {isa = PBXBuildFile; fileRef = 3F118A4571E758517CA15B4F /* Pods_DeepHeart.framework */; };
/* End PBXBuildFile section */

/* Begin PBXFileReference section */
		106EE52DD9F2F9790BAFC8CA /* Pods-DeepHeart.debug.xcconfig */ = {isa = PBXFileReference; includeInIndex = 1; lastKnownFileType = text.xcconfig; name = "Pods-DeepHeart.debug.xcconfig"; path = "Target Support Files/Pods-DeepHeart/Pods-DeepHeart.debug.xcconfig"; sourceTree = "<group>"; };
		3F118A4571E758517CA15B4F /* Pods_DeepHeart.framework */ = {isa = PBXFileReference; explicitFileType = wrapper.framework; includeInIndex = 0; path = Pods_DeepHeart.framework; sourceTree = BUILT_PRODUCTS_DIR; };
		596872C974B5D4763CD6F702 /* Pods-DeepHeart.release.xcconfig */ = {isa = PBXFileReference; includeInIndex = 1; lastKnownFileType = text.xcconfig; name = "Pods-DeepHeart.release.xcconfig"; path = "Target Support Files/Pods-DeepHeart/Pods-DeepHeart.release.xcconfig"; sourceTree = "<group>"; };
		9C611478243EC79700E28F22 /* Launch Screen.storyboard */ = {isa = PBXFileReference; lastKnownFileType = file.storyboard; path = "Launch Screen.storyboard"; sourceTree = "<group>"; };
		9C61147A243EC93200E28F22 /* PrefixHeader.pch */ = {isa = PBXFileReference; lastKnownFileType = sourcecode.c.h; name = PrefixHeader.pch; path = DeepHeart/PrefixHeader.pch; sourceTree = SOURCE_ROOT; };
		9C61147B243ECA8400E28F22 /* DHTabBarViewContViewController.h */ = {isa = PBXFileReference; lastKnownFileType = sourcecode.c.h; path = DHTabBarViewContViewController.h; sourceTree = "<group>"; };
		9C61147C243ECA8400E28F22 /* DHTabBarViewContViewController.m */ = {isa = PBXFileReference; lastKnownFileType = sourcecode.c.objc; path = DHTabBarViewContViewController.m; sourceTree = "<group>"; };
		9C61147E243ECABD00E28F22 /* DHNavigationController.h */ = {isa = PBXFileReference; lastKnownFileType = sourcecode.c.h; path = DHNavigationController.h; sourceTree = "<group>"; };
		9C61147F243ECABD00E28F22 /* DHNavigationController.m */ = {isa = PBXFileReference; lastKnownFileType = sourcecode.c.objc; path = DHNavigationController.m; sourceTree = "<group>"; };
		9C611481243ECADF00E28F22 /* DHCommonViewController.h */ = {isa = PBXFileReference; lastKnownFileType = sourcecode.c.h; path = DHCommonViewController.h; sourceTree = "<group>"; };
		9C611482243ECADF00E28F22 /* DHCommonViewController.m */ = {isa = PBXFileReference; lastKnownFileType = sourcecode.c.objc; path = DHCommonViewController.m; sourceTree = "<group>"; };
		9C611484243ECB1800E28F22 /* DHCommonTableViewController.h */ = {isa = PBXFileReference; lastKnownFileType = sourcecode.c.h; path = DHCommonTableViewController.h; sourceTree = "<group>"; };
		9C611485243ECB1800E28F22 /* DHCommonTableViewController.m */ = {isa = PBXFileReference; lastKnownFileType = sourcecode.c.objc; path = DHCommonTableViewController.m; sourceTree = "<group>"; };
		9C611487243ECB9300E28F22 /* DHCommonListViewController.h */ = {isa = PBXFileReference; lastKnownFileType = sourcecode.c.h; path = DHCommonListViewController.h; sourceTree = "<group>"; };
		9C611488243ECB9300E28F22 /* DHCommonListViewController.m */ = {isa = PBXFileReference; lastKnownFileType = sourcecode.c.objc; path = DHCommonListViewController.m; sourceTree = "<group>"; };
		9C61148A243ECBB300E28F22 /* DHCommonGroupListViewController.h */ = {isa = PBXFileReference; lastKnownFileType = sourcecode.c.h; path = DHCommonGroupListViewController.h; sourceTree = "<group>"; };
		9C61148B243ECBB300E28F22 /* DHCommonGroupListViewController.m */ = {isa = PBXFileReference; lastKnownFileType = sourcecode.c.objc; path = DHCommonGroupListViewController.m; sourceTree = "<group>"; };
		9C61148D243ECBFB00E28F22 /* DHThemeManager.h */ = {isa = PBXFileReference; lastKnownFileType = sourcecode.c.h; path = DHThemeManager.h; sourceTree = "<group>"; };
		9C61148E243ECBFB00E28F22 /* DHThemeManager.m */ = {isa = PBXFileReference; lastKnownFileType = sourcecode.c.objc; path = DHThemeManager.m; sourceTree = "<group>"; };
		9C611490243ECC2100E28F22 /* DHThemeProtocol.h */ = {isa = PBXFileReference; lastKnownFileType = sourcecode.c.h; path = DHThemeProtocol.h; sourceTree = "<group>"; };
		9C611491243ECC4C00E28F22 /* DHCommonUI.h */ = {isa = PBXFileReference; lastKnownFileType = sourcecode.c.h; path = DHCommonUI.h; sourceTree = "<group>"; };
		9C611492243ECC4C00E28F22 /* DHCommonUI.m */ = {isa = PBXFileReference; lastKnownFileType = sourcecode.c.objc; path = DHCommonUI.m; sourceTree = "<group>"; };
		9C611494243ECC5E00E28F22 /* DHUIHelper.h */ = {isa = PBXFileReference; lastKnownFileType = sourcecode.c.h; path = DHUIHelper.h; sourceTree = "<group>"; };
		9C611495243ECC5E00E28F22 /* DHUIHelper.m */ = {isa = PBXFileReference; lastKnownFileType = sourcecode.c.objc; path = DHUIHelper.m; sourceTree = "<group>"; };
		9C611497243ECC8500E28F22 /* UIImageEffects.h */ = {isa = PBXFileReference; fileEncoding = 4; lastKnownFileType = sourcecode.c.h; path = UIImageEffects.h; sourceTree = "<group>"; };
		9C611498243ECC8500E28F22 /* UIImageEffects.m */ = {isa = PBXFileReference; fileEncoding = 4; lastKnownFileType = sourcecode.c.objc; path = UIImageEffects.m; sourceTree = "<group>"; };
		9C61149B243ECE2900E28F22 /* DHHomeViewController.h */ = {isa = PBXFileReference; lastKnownFileType = sourcecode.c.h; path = DHHomeViewController.h; sourceTree = "<group>"; };
		9C61149C243ECE2900E28F22 /* DHHomeViewController.m */ = {isa = PBXFileReference; lastKnownFileType = sourcecode.c.objc; path = DHHomeViewController.m; sourceTree = "<group>"; };
		9C6114A5243F08EC00E28F22 /* QMUIConfigurationTemplatePinkRose.h */ = {isa = PBXFileReference; fileEncoding = 4; lastKnownFileType = sourcecode.c.h; path = QMUIConfigurationTemplatePinkRose.h; sourceTree = "<group>"; };
		9C6114A6243F08EC00E28F22 /* QMUIConfigurationTemplateDark.h */ = {isa = PBXFileReference; fileEncoding = 4; lastKnownFileType = sourcecode.c.h; path = QMUIConfigurationTemplateDark.h; sourceTree = "<group>"; };
		9C6114A7243F08EC00E28F22 /* QMUIConfigurationTemplateGrapefruit.m */ = {isa = PBXFileReference; fileEncoding = 4; lastKnownFileType = sourcecode.c.objc; path = QMUIConfigurationTemplateGrapefruit.m; sourceTree = "<group>"; };
		9C6114A8243F08EC00E28F22 /* QMUIConfigurationTemplateGrapefruit.h */ = {isa = PBXFileReference; fileEncoding = 4; lastKnownFileType = sourcecode.c.h; path = QMUIConfigurationTemplateGrapefruit.h; sourceTree = "<group>"; };
		9C6114A9243F08EC00E28F22 /* QMUIConfigurationTemplatePinkRose.m */ = {isa = PBXFileReference; fileEncoding = 4; lastKnownFileType = sourcecode.c.objc; path = QMUIConfigurationTemplatePinkRose.m; sourceTree = "<group>"; };
		9C6114AA243F08ED00E28F22 /* QMUIConfigurationTemplateDark.m */ = {isa = PBXFileReference; fileEncoding = 4; lastKnownFileType = sourcecode.c.objc; path = QMUIConfigurationTemplateDark.m; sourceTree = "<group>"; };
		9C6114AB243F08ED00E28F22 /* QMUIConfigurationTemplateGrass.h */ = {isa = PBXFileReference; fileEncoding = 4; lastKnownFileType = sourcecode.c.h; path = QMUIConfigurationTemplateGrass.h; sourceTree = "<group>"; };
		9C6114AC243F08ED00E28F22 /* QMUIConfigurationTemplateGrass.m */ = {isa = PBXFileReference; fileEncoding = 4; lastKnownFileType = sourcecode.c.objc; path = QMUIConfigurationTemplateGrass.m; sourceTree = "<group>"; };
		9C8F35C7243DB88500F44DDD /* DeepHeart.app */ = {isa = PBXFileReference; explicitFileType = wrapper.application; includeInIndex = 0; path = DeepHeart.app; sourceTree = BUILT_PRODUCTS_DIR; };
		9C8F35CA243DB88500F44DDD /* AppDelegate.h */ = {isa = PBXFileReference; lastKnownFileType = sourcecode.c.h; path = AppDelegate.h; sourceTree = "<group>"; };
		9C8F35CB243DB88500F44DDD /* AppDelegate.m */ = {isa = PBXFileReference; lastKnownFileType = sourcecode.c.objc; path = AppDelegate.m; sourceTree = "<group>"; };
		9C8F35D6243DB88700F44DDD /* Assets.xcassets */ = {isa = PBXFileReference; lastKnownFileType = folder.assetcatalog; path = Assets.xcassets; sourceTree = "<group>"; };
		9C8F35DB243DB88700F44DDD /* Info.plist */ = {isa = PBXFileReference; lastKnownFileType = text.plist.xml; path = Info.plist; sourceTree = "<group>"; };
		9C8F35DC243DB88700F44DDD /* main.m */ = {isa = PBXFileReference; lastKnownFileType = sourcecode.c.objc; path = main.m; sourceTree = "<group>"; };
		9C8F35E4243DBCA400F44DDD /* QMUIConfigurationTemplate.h */ = {isa = PBXFileReference; fileEncoding = 4; lastKnownFileType = sourcecode.c.h; name = QMUIConfigurationTemplate.h; path = DeepHeart/Modules/Common/Configuration/QMUIConfigurationTemplate.h; sourceTree = SOURCE_ROOT; };
		9C8F35E5243DBCA500F44DDD /* QMUIConfigurationTemplate.m */ = {isa = PBXFileReference; fileEncoding = 4; lastKnownFileType = sourcecode.c.objc; name = QMUIConfigurationTemplate.m; path = DeepHeart/Modules/Common/Configuration/QMUIConfigurationTemplate.m; sourceTree = SOURCE_ROOT; };
/* End PBXFileReference section */

/* Begin PBXFrameworksBuildPhase section */
		9C8F35C4243DB88500F44DDD /* Frameworks */ = {
			isa = PBXFrameworksBuildPhase;
			buildActionMask = 2147483647;
			files = (
				C511D9CE0114300085F8C351 /* Pods_DeepHeart.framework in Frameworks */,
			);
			runOnlyForDeploymentPostprocessing = 0;
		};
/* End PBXFrameworksBuildPhase section */

/* Begin PBXGroup section */
		9C61149A243ECE0B00E28F22 /* Home */ = {
			isa = PBXGroup;
			children = (
				9C61149B243ECE2900E28F22 /* DHHomeViewController.h */,
				9C61149C243ECE2900E28F22 /* DHHomeViewController.m */,
			);
			path = Home;
			sourceTree = "<group>";
		};
		9C8F35BE243DB88500F44DDD = {
			isa = PBXGroup;
			children = (
				9C8F35C9243DB88500F44DDD /* DeepHeart */,
				9C8F35C8243DB88500F44DDD /* Products */,
				D1A53820D21DFAB2B1E834B2 /* Pods */,
				C3BAE7F0EFB1DF6183AAC8B1 /* Frameworks */,
			);
			sourceTree = "<group>";
		};
		9C8F35C8243DB88500F44DDD /* Products */ = {
			isa = PBXGroup;
			children = (
				9C8F35C7243DB88500F44DDD /* DeepHeart.app */,
			);
			name = Products;
			sourceTree = "<group>";
		};
		9C8F35C9243DB88500F44DDD /* DeepHeart */ = {
			isa = PBXGroup;
			children = (
				9C8F35E8243DD9E500F44DDD /* Modules */,
				9C8F35E7243DD9D700F44DDD /* Resources */,
				9C8F35CA243DB88500F44DDD /* AppDelegate.h */,
				9C8F35CB243DB88500F44DDD /* AppDelegate.m */,
				9C8F35D6243DB88700F44DDD /* Assets.xcassets */,
				9C8F35DB243DB88700F44DDD /* Info.plist */,
				9C8F35DC243DB88700F44DDD /* main.m */,
				9C611478243EC79700E28F22 /* Launch Screen.storyboard */,
				9C61147A243EC93200E28F22 /* PrefixHeader.pch */,
			);
			path = DeepHeart;
			sourceTree = "<group>";
		};
		9C8F35E7243DD9D700F44DDD /* Resources */ = {
			isa = PBXGroup;
			children = (
			);
			path = Resources;
			sourceTree = "<group>";
		};
		9C8F35E8243DD9E500F44DDD /* Modules */ = {
			isa = PBXGroup;
			children = (
				9C8F35ED243DDA5E00F44DDD /* Demos */,
				9C8F35E9243DDA1A00F44DDD /* Common */,
			);
			path = Modules;
			sourceTree = "<group>";
		};
		9C8F35E9243DDA1A00F44DDD /* Common */ = {
			isa = PBXGroup;
			children = (
				9C8F35EC243DDA3B00F44DDD /* Utils */,
				9C8F35EB243DDA3300F44DDD /* Controllers */,
				9C8F35EA243DDA2700F44DDD /* Configuration */,
			);
			path = Common;
			sourceTree = "<group>";
		};
		9C8F35EA243DDA2700F44DDD /* Configuration */ = {
			isa = PBXGroup;
			children = (
				9C6114A6243F08EC00E28F22 /* QMUIConfigurationTemplateDark.h */,
				9C6114AA243F08ED00E28F22 /* QMUIConfigurationTemplateDark.m */,
				9C6114A8243F08EC00E28F22 /* QMUIConfigurationTemplateGrapefruit.h */,
				9C6114A7243F08EC00E28F22 /* QMUIConfigurationTemplateGrapefruit.m */,
				9C6114AB243F08ED00E28F22 /* QMUIConfigurationTemplateGrass.h */,
				9C6114AC243F08ED00E28F22 /* QMUIConfigurationTemplateGrass.m */,
				9C6114A5243F08EC00E28F22 /* QMUIConfigurationTemplatePinkRose.h */,
				9C6114A9243F08EC00E28F22 /* QMUIConfigurationTemplatePinkRose.m */,
				9C8F35E4243DBCA400F44DDD /* QMUIConfigurationTemplate.h */,
				9C8F35E5243DBCA500F44DDD /* QMUIConfigurationTemplate.m */,
				9C61148D243ECBFB00E28F22 /* DHThemeManager.h */,
				9C61148E243ECBFB00E28F22 /* DHThemeManager.m */,
				9C611490243ECC2100E28F22 /* DHThemeProtocol.h */,
			);
			path = Configuration;
			sourceTree = "<group>";
		};
		9C8F35EB243DDA3300F44DDD /* Controllers */ = {
			isa = PBXGroup;
			children = (
				9C61147B243ECA8400E28F22 /* DHTabBarViewContViewController.h */,
				9C61147C243ECA8400E28F22 /* DHTabBarViewContViewController.m */,
				9C61147E243ECABD00E28F22 /* DHNavigationController.h */,
				9C61147F243ECABD00E28F22 /* DHNavigationController.m */,
				9C611481243ECADF00E28F22 /* DHCommonViewController.h */,
				9C611482243ECADF00E28F22 /* DHCommonViewController.m */,
				9C611484243ECB1800E28F22 /* DHCommonTableViewController.h */,
				9C611485243ECB1800E28F22 /* DHCommonTableViewController.m */,
				9C611487243ECB9300E28F22 /* DHCommonListViewController.h */,
				9C611488243ECB9300E28F22 /* DHCommonListViewController.m */,
				9C61148A243ECBB300E28F22 /* DHCommonGroupListViewController.h */,
				9C61148B243ECBB300E28F22 /* DHCommonGroupListViewController.m */,
			);
			path = Controllers;
			sourceTree = "<group>";
		};
		9C8F35EC243DDA3B00F44DDD /* Utils */ = {
			isa = PBXGroup;
			children = (
				9C611497243ECC8500E28F22 /* UIImageEffects.h */,
				9C611498243ECC8500E28F22 /* UIImageEffects.m */,
				9C611491243ECC4C00E28F22 /* DHCommonUI.h */,
				9C611492243ECC4C00E28F22 /* DHCommonUI.m */,
				9C611494243ECC5E00E28F22 /* DHUIHelper.h */,
				9C611495243ECC5E00E28F22 /* DHUIHelper.m */,
			);
			path = Utils;
			sourceTree = "<group>";
		};
		9C8F35ED243DDA5E00F44DDD /* Demos */ = {
			isa = PBXGroup;
			children = (
				9C61149A243ECE0B00E28F22 /* Home */,
			);
			path = Demos;
			sourceTree = "<group>";
		};
		C3BAE7F0EFB1DF6183AAC8B1 /* Frameworks */ = {
			isa = PBXGroup;
			children = (
				3F118A4571E758517CA15B4F /* Pods_DeepHeart.framework */,
			);
			name = Frameworks;
			sourceTree = "<group>";
		};
		D1A53820D21DFAB2B1E834B2 /* Pods */ = {
			isa = PBXGroup;
			children = (
				106EE52DD9F2F9790BAFC8CA /* Pods-DeepHeart.debug.xcconfig */,
				596872C974B5D4763CD6F702 /* Pods-DeepHeart.release.xcconfig */,
			);
			path = Pods;
			sourceTree = "<group>";
		};
/* End PBXGroup section */

/* Begin PBXNativeTarget section */
		9C8F35C6243DB88500F44DDD /* DeepHeart */ = {
			isa = PBXNativeTarget;
			buildConfigurationList = 9C8F35E0243DB88700F44DDD /* Build configuration list for PBXNativeTarget "DeepHeart" */;
			buildPhases = (
				BED5725FDCCF871383466A94 /* [CP] Check Pods Manifest.lock */,
				9C8F35C3243DB88500F44DDD /* Sources */,
				9C8F35C4243DB88500F44DDD /* Frameworks */,
				9C8F35C5243DB88500F44DDD /* Resources */,
				C8D2EAAB06CF81BCFA089F8D /* [CP] Embed Pods Frameworks */,
			);
			buildRules = (
			);
			dependencies = (
			);
			name = DeepHeart;
			productName = DeepHeart;
			productReference = 9C8F35C7243DB88500F44DDD /* DeepHeart.app */;
			productType = "com.apple.product-type.application";
		};
/* End PBXNativeTarget section */

/* Begin PBXProject section */
		9C8F35BF243DB88500F44DDD /* Project object */ = {
			isa = PBXProject;
			attributes = {
				LastUpgradeCheck = 1140;
				ORGANIZATIONNAME = hlm;
				TargetAttributes = {
					9C8F35C6243DB88500F44DDD = {
						CreatedOnToolsVersion = 11.4;
					};
				};
			};
			buildConfigurationList = 9C8F35C2243DB88500F44DDD /* Build configuration list for PBXProject "DeepHeart" */;
			compatibilityVersion = "Xcode 9.3";
			developmentRegion = en;
			hasScannedForEncodings = 0;
			knownRegions = (
				en,
				Base,
			);
			mainGroup = 9C8F35BE243DB88500F44DDD;
			productRefGroup = 9C8F35C8243DB88500F44DDD /* Products */;
			projectDirPath = "";
			projectRoot = "";
			targets = (
				9C8F35C6243DB88500F44DDD /* DeepHeart */,
			);
		};
/* End PBXProject section */

/* Begin PBXResourcesBuildPhase section */
		9C8F35C5243DB88500F44DDD /* Resources */ = {
			isa = PBXResourcesBuildPhase;
			buildActionMask = 2147483647;
			files = (
				9C611479243EC79700E28F22 /* Launch Screen.storyboard in Resources */,
				9C8F35D7243DB88700F44DDD /* Assets.xcassets in Resources */,
			);
			runOnlyForDeploymentPostprocessing = 0;
		};
/* End PBXResourcesBuildPhase section */

/* Begin PBXShellScriptBuildPhase section */
		BED5725FDCCF871383466A94 /* [CP] Check Pods Manifest.lock */ = {
			isa = PBXShellScriptBuildPhase;
			buildActionMask = 2147483647;
			files = (
			);
			inputFileListPaths = (
			);
			inputPaths = (
				"${PODS_PODFILE_DIR_PATH}/Podfile.lock",
				"${PODS_ROOT}/Manifest.lock",
			);
			name = "[CP] Check Pods Manifest.lock";
			outputFileListPaths = (
			);
			outputPaths = (
				"$(DERIVED_FILE_DIR)/Pods-DeepHeart-checkManifestLockResult.txt",
			);
			runOnlyForDeploymentPostprocessing = 0;
			shellPath = /bin/sh;
			shellScript = "diff \"${PODS_PODFILE_DIR_PATH}/Podfile.lock\" \"${PODS_ROOT}/Manifest.lock\" > /dev/null\nif [ $? != 0 ] ; then\n    # print error to STDERR\n    echo \"error: The sandbox is not in sync with the Podfile.lock. Run 'pod install' or update your CocoaPods installation.\" >&2\n    exit 1\nfi\n# This output is used by Xcode 'outputs' to avoid re-running this script phase.\necho \"SUCCESS\" > \"${SCRIPT_OUTPUT_FILE_0}\"\n";
			showEnvVarsInLog = 0;
		};
		C8D2EAAB06CF81BCFA089F8D /* [CP] Embed Pods Frameworks */ = {
			isa = PBXShellScriptBuildPhase;
			buildActionMask = 2147483647;
			files = (
			);
			inputFileListPaths = (
				"${PODS_ROOT}/Target Support Files/Pods-DeepHeart/Pods-DeepHeart-frameworks-${CONFIGURATION}-input-files.xcfilelist",
			);
			name = "[CP] Embed Pods Frameworks";
			outputFileListPaths = (
				"${PODS_ROOT}/Target Support Files/Pods-DeepHeart/Pods-DeepHeart-frameworks-${CONFIGURATION}-output-files.xcfilelist",
			);
			runOnlyForDeploymentPostprocessing = 0;
			shellPath = /bin/sh;
			shellScript = "\"${PODS_ROOT}/Target Support Files/Pods-DeepHeart/Pods-DeepHeart-frameworks.sh\"\n";
			showEnvVarsInLog = 0;
		};
/* End PBXShellScriptBuildPhase section */

/* Begin PBXSourcesBuildPhase section */
		9C8F35C3243DB88500F44DDD /* Sources */ = {
			isa = PBXSourcesBuildPhase;
			buildActionMask = 2147483647;
			files = (
				9C6114B0243F08ED00E28F22 /* QMUIConfigurationTemplateGrass.m in Sources */,
				9C61147D243ECA8400E28F22 /* DHTabBarViewContViewController.m in Sources */,
				9C6114AE243F08ED00E28F22 /* QMUIConfigurationTemplatePinkRose.m in Sources */,
				9C8F35CC243DB88500F44DDD /* AppDelegate.m in Sources */,
				9C611496243ECC5E00E28F22 /* DHUIHelper.m in Sources */,
				9C611486243ECB1800E28F22 /* DHCommonTableViewController.m in Sources */,
				9C61149D243ECE2900E28F22 /* DHHomeViewController.m in Sources */,
				9C8F35E6243DBCA500F44DDD /* QMUIConfigurationTemplate.m in Sources */,
				9C611480243ECABD00E28F22 /* DHNavigationController.m in Sources */,
				9C8F35DD243DB88700F44DDD /* main.m in Sources */,
				9C611499243ECC8500E28F22 /* UIImageEffects.m in Sources */,
				9C611493243ECC4C00E28F22 /* DHCommonUI.m in Sources */,
				9C611489243ECB9300E28F22 /* DHCommonListViewController.m in Sources */,
				9C6114AD243F08ED00E28F22 /* QMUIConfigurationTemplateGrapefruit.m in Sources */,
				9C61148F243ECBFB00E28F22 /* DHThemeManager.m in Sources */,
				9C611483243ECADF00E28F22 /* DHCommonViewController.m in Sources */,
				9C6114AF243F08ED00E28F22 /* QMUIConfigurationTemplateDark.m in Sources */,
				9C61148C243ECBB300E28F22 /* DHCommonGroupListViewController.m in Sources */,
			);
			runOnlyForDeploymentPostprocessing = 0;
		};
/* End PBXSourcesBuildPhase section */

/* Begin XCBuildConfiguration section */
		9C8F35DE243DB88700F44DDD /* Debug */ = {
			isa = XCBuildConfiguration;
			buildSettings = {
				ALWAYS_SEARCH_USER_PATHS = NO;
				CLANG_ANALYZER_NONNULL = YES;
				CLANG_ANALYZER_NUMBER_OBJECT_CONVERSION = YES_AGGRESSIVE;
				CLANG_CXX_LANGUAGE_STANDARD = "gnu++14";
				CLANG_CXX_LIBRARY = "libc++";
				CLANG_ENABLE_MODULES = YES;
				CLANG_ENABLE_OBJC_ARC = YES;
				CLANG_ENABLE_OBJC_WEAK = YES;
				CLANG_WARN_BLOCK_CAPTURE_AUTORELEASING = YES;
				CLANG_WARN_BOOL_CONVERSION = YES;
				CLANG_WARN_COMMA = YES;
				CLANG_WARN_CONSTANT_CONVERSION = YES;
				CLANG_WARN_DEPRECATED_OBJC_IMPLEMENTATIONS = YES;
				CLANG_WARN_DIRECT_OBJC_ISA_USAGE = YES_ERROR;
				CLANG_WARN_DOCUMENTATION_COMMENTS = YES;
				CLANG_WARN_EMPTY_BODY = YES;
				CLANG_WARN_ENUM_CONVERSION = YES;
				CLANG_WARN_INFINITE_RECURSION = YES;
				CLANG_WARN_INT_CONVERSION = YES;
				CLANG_WARN_NON_LITERAL_NULL_CONVERSION = YES;
				CLANG_WARN_OBJC_IMPLICIT_RETAIN_SELF = YES;
				CLANG_WARN_OBJC_LITERAL_CONVERSION = YES;
				CLANG_WARN_OBJC_ROOT_CLASS = YES_ERROR;
				CLANG_WARN_RANGE_LOOP_ANALYSIS = YES;
				CLANG_WARN_STRICT_PROTOTYPES = YES;
				CLANG_WARN_SUSPICIOUS_MOVE = YES;
				CLANG_WARN_UNGUARDED_AVAILABILITY = YES_AGGRESSIVE;
				CLANG_WARN_UNREACHABLE_CODE = YES;
				CLANG_WARN__DUPLICATE_METHOD_MATCH = YES;
				COPY_PHASE_STRIP = NO;
				DEBUG_INFORMATION_FORMAT = dwarf;
				ENABLE_STRICT_OBJC_MSGSEND = YES;
				ENABLE_TESTABILITY = YES;
				GCC_C_LANGUAGE_STANDARD = gnu11;
				GCC_DYNAMIC_NO_PIC = NO;
				GCC_NO_COMMON_BLOCKS = YES;
				GCC_OPTIMIZATION_LEVEL = 0;
				GCC_PREPROCESSOR_DEFINITIONS = (
					"DEBUG=1",
					"$(inherited)",
				);
				GCC_WARN_64_TO_32_BIT_CONVERSION = YES;
				GCC_WARN_ABOUT_RETURN_TYPE = YES_ERROR;
				GCC_WARN_UNDECLARED_SELECTOR = YES;
				GCC_WARN_UNINITIALIZED_AUTOS = YES_AGGRESSIVE;
				GCC_WARN_UNUSED_FUNCTION = YES;
				GCC_WARN_UNUSED_VARIABLE = YES;
				IPHONEOS_DEPLOYMENT_TARGET = 13.4;
				MTL_ENABLE_DEBUG_INFO = INCLUDE_SOURCE;
				MTL_FAST_MATH = YES;
				ONLY_ACTIVE_ARCH = YES;
				SDKROOT = iphoneos;
			};
			name = Debug;
		};
		9C8F35DF243DB88700F44DDD /* Release */ = {
			isa = XCBuildConfiguration;
			buildSettings = {
				ALWAYS_SEARCH_USER_PATHS = NO;
				CLANG_ANALYZER_NONNULL = YES;
				CLANG_ANALYZER_NUMBER_OBJECT_CONVERSION = YES_AGGRESSIVE;
				CLANG_CXX_LANGUAGE_STANDARD = "gnu++14";
				CLANG_CXX_LIBRARY = "libc++";
				CLANG_ENABLE_MODULES = YES;
				CLANG_ENABLE_OBJC_ARC = YES;
				CLANG_ENABLE_OBJC_WEAK = YES;
				CLANG_WARN_BLOCK_CAPTURE_AUTORELEASING = YES;
				CLANG_WARN_BOOL_CONVERSION = YES;
				CLANG_WARN_COMMA = YES;
				CLANG_WARN_CONSTANT_CONVERSION = YES;
				CLANG_WARN_DEPRECATED_OBJC_IMPLEMENTATIONS = YES;
				CLANG_WARN_DIRECT_OBJC_ISA_USAGE = YES_ERROR;
				CLANG_WARN_DOCUMENTATION_COMMENTS = YES;
				CLANG_WARN_EMPTY_BODY = YES;
				CLANG_WARN_ENUM_CONVERSION = YES;
				CLANG_WARN_INFINITE_RECURSION = YES;
				CLANG_WARN_INT_CONVERSION = YES;
				CLANG_WARN_NON_LITERAL_NULL_CONVERSION = YES;
				CLANG_WARN_OBJC_IMPLICIT_RETAIN_SELF = YES;
				CLANG_WARN_OBJC_LITERAL_CONVERSION = YES;
				CLANG_WARN_OBJC_ROOT_CLASS = YES_ERROR;
				CLANG_WARN_RANGE_LOOP_ANALYSIS = YES;
				CLANG_WARN_STRICT_PROTOTYPES = YES;
				CLANG_WARN_SUSPICIOUS_MOVE = YES;
				CLANG_WARN_UNGUARDED_AVAILABILITY = YES_AGGRESSIVE;
				CLANG_WARN_UNREACHABLE_CODE = YES;
				CLANG_WARN__DUPLICATE_METHOD_MATCH = YES;
				COPY_PHASE_STRIP = NO;
				DEBUG_INFORMATION_FORMAT = "dwarf-with-dsym";
				ENABLE_NS_ASSERTIONS = NO;
				ENABLE_STRICT_OBJC_MSGSEND = YES;
				GCC_C_LANGUAGE_STANDARD = gnu11;
				GCC_NO_COMMON_BLOCKS = YES;
				GCC_WARN_64_TO_32_BIT_CONVERSION = YES;
				GCC_WARN_ABOUT_RETURN_TYPE = YES_ERROR;
				GCC_WARN_UNDECLARED_SELECTOR = YES;
				GCC_WARN_UNINITIALIZED_AUTOS = YES_AGGRESSIVE;
				GCC_WARN_UNUSED_FUNCTION = YES;
				GCC_WARN_UNUSED_VARIABLE = YES;
				IPHONEOS_DEPLOYMENT_TARGET = 13.4;
				MTL_ENABLE_DEBUG_INFO = NO;
				MTL_FAST_MATH = YES;
				SDKROOT = iphoneos;
				VALIDATE_PRODUCT = YES;
			};
			name = Release;
		};
		9C8F35E1243DB88700F44DDD /* Debug */ = {
			isa = XCBuildConfiguration;
			baseConfigurationReference = 106EE52DD9F2F9790BAFC8CA /* Pods-DeepHeart.debug.xcconfig */;
			buildSettings = {
				ASSETCATALOG_COMPILER_APPICON_NAME = AppIcon;
				CODE_SIGN_STYLE = Automatic;
				DEVELOPMENT_TEAM = D7NA93HR42;
				GCC_PRECOMPILE_PREFIX_HEADER = YES;
				GCC_PREFIX_HEADER = DeepHeart/PrefixHeader.pch;
				INFOPLIST_FILE = DeepHeart/Info.plist;
				IPHONEOS_DEPLOYMENT_TARGET = 9.0;
				LD_RUNPATH_SEARCH_PATHS = (
					"$(inherited)",
					"@executable_path/Frameworks",
				);
				PRODUCT_BUNDLE_IDENTIFIER = com.hlm.test.DeepHeart;
				PRODUCT_NAME = "$(TARGET_NAME)";
				TARGETED_DEVICE_FAMILY = 1;
			};
			name = Debug;
		};
		9C8F35E2243DB88700F44DDD /* Release */ = {
			isa = XCBuildConfiguration;
			baseConfigurationReference = 596872C974B5D4763CD6F702 /* Pods-DeepHeart.release.xcconfig */;
			buildSettings = {
				ASSETCATALOG_COMPILER_APPICON_NAME = AppIcon;
				CODE_SIGN_STYLE = Automatic;
				DEVELOPMENT_TEAM = D7NA93HR42;
				GCC_PRECOMPILE_PREFIX_HEADER = YES;
				GCC_PREFIX_HEADER = DeepHeart/PrefixHeader.pch;
				INFOPLIST_FILE = DeepHeart/Info.plist;
				IPHONEOS_DEPLOYMENT_TARGET = 9.0;
				LD_RUNPATH_SEARCH_PATHS = (
					"$(inherited)",
					"@executable_path/Frameworks",
				);
				PRODUCT_BUNDLE_IDENTIFIER = com.hlm.test.DeepHeart;
				PRODUCT_NAME = "$(TARGET_NAME)";
				TARGETED_DEVICE_FAMILY = 1;
			};
			name = Release;
		};
/* End XCBuildConfiguration section */

/* Begin XCConfigurationList section */
		9C8F35C2243DB88500F44DDD /* Build configuration list for PBXProject "DeepHeart" */ = {
			isa = XCConfigurationList;
			buildConfigurations = (
				9C8F35DE243DB88700F44DDD /* Debug */,
				9C8F35DF243DB88700F44DDD /* Release */,
			);
			defaultConfigurationIsVisible = 0;
			defaultConfigurationName = Release;
		};
		9C8F35E0243DB88700F44DDD /* Build configuration list for PBXNativeTarget "DeepHeart" */ = {
			isa = XCConfigurationList;
			buildConfigurations = (
				9C8F35E1243DB88700F44DDD /* Debug */,
				9C8F35E2243DB88700F44DDD /* Release */,
			);
			defaultConfigurationIsVisible = 0;
			defaultConfigurationName = Release;
		};
/* End XCConfigurationList section */
	};
	rootObject = 9C8F35BF243DB88500F44DDD /* Project object */;
}
